// !$*UTF8*$!
{
	archiveVersion = 1;
	classes = {
	};
	objectVersion = 46;
	objects = {

/* Begin PBXBuildFile section */
		4F4CECB11F2740F30028C188 /* AppDelegate.swift in Sources */ = {isa = PBXBuildFile; fileRef = 4F4CECB01F2740F30028C188 /* AppDelegate.swift */; };
		4F4CECB31F2740F30028C188 /* ViewController.swift in Sources */ = {isa = PBXBuildFile; fileRef = 4F4CECB21F2740F30028C188 /* ViewController.swift */; };
		4F4CECB61F2740F30028C188 /* Main.storyboard in Resources */ = {isa = PBXBuildFile; fileRef = 4F4CECB41F2740F30028C188 /* Main.storyboard */; };
		4F4CECB81F2740F30028C188 /* Assets.xcassets in Resources */ = {isa = PBXBuildFile; fileRef = 4F4CECB71F2740F30028C188 /* Assets.xcassets */; };
		4F4CECBB1F2740F30028C188 /* LaunchScreen.storyboard in Resources */ = {isa = PBXBuildFile; fileRef = 4F4CECB91F2740F30028C188 /* LaunchScreen.storyboard */; };
/* End PBXBuildFile section */

/* Begin PBXFileReference section */
		4F4CECAD1F2740F30028C188 /* MoneyTeam.app */ = {isa = PBXFileReference; explicitFileType = wrapper.application; includeInIndex = 0; path = MoneyTeam.app; sourceTree = BUILT_PRODUCTS_DIR; };
		4F4CECB01F2740F30028C188 /* AppDelegate.swift */ = {isa = PBXFileReference; lastKnownFileType = sourcecode.swift; path = AppDelegate.swift; sourceTree = "<group>"; };
		4F4CECB21F2740F30028C188 /* ViewController.swift */ = {isa = PBXFileReference; lastKnownFileType = sourcecode.swift; path = ViewController.swift; sourceTree = "<group>"; };
		4F4CECB51F2740F30028C188 /* Base */ = {isa = PBXFileReference; lastKnownFileType = file.storyboard; name = Base; path = Base.lproj/Main.storyboard; sourceTree = "<group>"; };
		4F4CECB71F2740F30028C188 /* Assets.xcassets */ = {isa = PBXFileReference; lastKnownFileType = folder.assetcatalog; path = Assets.xcassets; sourceTree = "<group>"; };
		4F4CECBA1F2740F30028C188 /* Base */ = {isa = PBXFileReference; lastKnownFileType = file.storyboard; name = Base; path = Base.lproj/LaunchScreen.storyboard; sourceTree = "<group>"; };
		4F4CECBC1F2740F30028C188 /* Info.plist */ = {isa = PBXFileReference; lastKnownFileType = text.plist.xml; path = Info.plist; sourceTree = "<group>"; };
/* End PBXFileReference section */

/* Begin PBXFrameworksBuildPhase section */
		4F4CECAA1F2740F30028C188 /* Frameworks */ = {
			isa = PBXFrameworksBuildPhase;
			buildActionMask = 2147483647;
			files = (
			);
			runOnlyForDeploymentPostprocessing = 0;
		};
/* End PBXFrameworksBuildPhase section */

/* Begin PBXGroup section */
		4F4CECA41F2740F30028C188 = {
			isa = PBXGroup;
			children = (
				4F4CECAF1F2740F30028C188 /* MoneyTeam */,
				4F4CECAE1F2740F30028C188 /* Products */,
			);
			sourceTree = "<group>";
		};
		4F4CECAE1F2740F30028C188 /* Products */ = {
			isa = PBXGroup;
			children = (
				4F4CECAD1F2740F30028C188 /* MoneyTeam.app */,
			);
			name = Products;
			sourceTree = "<group>";
		};
		4F4CECAF1F2740F30028C188 /* MoneyTeam */ = {
			isa = PBXGroup;
			children = (
				4F4CECB01F2740F30028C188 /* AppDelegate.swift */,
				4F4CECB21F2740F30028C188 /* ViewController.swift */,
				4F4CECB41F2740F30028C188 /* Main.storyboard */,
				4F4CECB71F2740F30028C188 /* Assets.xcassets */,
				4F4CECB91F2740F30028C188 /* LaunchScreen.storyboard */,
				4F4CECBC1F2740F30028C188 /* Info.plist */,
			);
			path = MoneyTeam;
			sourceTree = "<group>";
		};
/* End PBXGroup section */

/* Begin PBXNativeTarget section */
		4F4CECAC1F2740F30028C188 /* MoneyTeam */ = {
			isa = PBXNativeTarget;
			buildConfigurationList = 4F4CECBF1F2740F30028C188 /* Build configuration list for PBXNativeTarget "MoneyTeam" */;
			buildPhases = (
				4F4CECA91F2740F30028C188 /* Sources */,
				4F4CECAA1F2740F30028C188 /* Frameworks */,
				4F4CECAB1F2740F30028C188 /* Resources */,
			);
			buildRules = (
			);
			dependencies = (
			);
			name = MoneyTeam;
			productName = MoneyTeam;
			productReference = 4F4CECAD1F2740F30028C188 /* MoneyTeam.app */;
			productType = "com.apple.product-type.application";
		};
/* End PBXNativeTarget section */

/* Begin PBXProject section */
		4F4CECA51F2740F30028C188 /* Project object */ = {
			isa = PBXProject;
			attributes = {
				LastSwiftUpdateCheck = 0830;
				LastUpgradeCheck = 0830;
				ORGANIZATIONNAME = team;
				TargetAttributes = {
					4F4CECAC1F2740F30028C188 = {
						CreatedOnToolsVersion = 8.3.3;
						ProvisioningStyle = Automatic;
					};
				};
			};
			buildConfigurationList = 4F4CECA81F2740F30028C188 /* Build configuration list for PBXProject "MoneyTeam" */;
			compatibilityVersion = "Xcode 3.2";
			developmentRegion = English;
			hasScannedForEncodings = 0;
			knownRegions = (
				en,
				Base,
			);
			mainGroup = 4F4CECA41F2740F30028C188;
			productRefGroup = 4F4CECAE1F2740F30028C188 /* Products */;
			projectDirPath = "";
			projectRoot = "";
			targets = (
				4F4CECAC1F2740F30028C188 /* MoneyTeam */,
			);
		};
/* End PBXProject section */

/* Begin PBXResourcesBuildPhase section */
		4F4CECAB1F2740F30028C188 /* Resources */ = {
			isa = PBXResourcesBuildPhase;
			buildActionMask = 2147483647;
			files = (
				4F4CECBB1F2740F30028C188 /* LaunchScreen.storyboard in Resources */,
				4F4CECB81F2740F30028C188 /* Assets.xcassets in Resources */,
				4F4CECB61F2740F30028C188 /* Main.storyboard in Resources */,
			);
			runOnlyForDeploymentPostprocessing = 0;
		};
/* End PBXResourcesBuildPhase section */

/* Begin PBXSourcesBuildPhase section */
		4F4CECA91F2740F30028C188 /* Sources */ = {
			isa = PBXSourcesBuildPhase;
			buildActionMask = 2147483647;
			files = (
				4F4CECB31F2740F30028C188 /* ViewController.swift in Sources */,
				4F4CECB11F2740F30028C188 /* AppDelegate.swift in Sources */,
			);
			runOnlyForDeploymentPostprocessing = 0;
		};
/* End PBXSourcesBuildPhase section */

/* Begin PBXVariantGroup section */
		4F4CECB41F2740F30028C188 /* Main.storyboard */ = {
			isa = PBXVariantGroup;
			children = (
				4F4CECB51F2740F30028C188 /* Base */,
			);
			name = Main.storyboard;
			sourceTree = "<group>";
		};
		4F4CECB91F2740F30028C188 /* LaunchScreen.storyboard */ = {
			isa = PBXVariantGroup;
			children = (
				4F4CECBA1F2740F30028C188 /* Base */,
			);
			name = LaunchScreen.storyboard;
			sourceTree = "<group>";
		};
/* End PBXVariantGroup section */

/* Begin XCBuildConfiguration section */
		4F4CECBD1F2740F30028C188 /* Debug */ = {
			isa = XCBuildConfiguration;
			buildSettings = {
				ALWAYS_SEARCH_USER_PATHS = NO;
				CLANG_ANALYZER_NONNULL = YES;
				CLANG_ANALYZER_NUMBER_OBJECT_CONVERSION = YES_AGGRESSIVE;
				CLANG_CXX_LANGUAGE_STANDARD = "gnu++0x";
				CLANG_CXX_LIBRARY = "libc++";
				CLANG_ENABLE_MODULES = YES;
				CLANG_ENABLE_OBJC_ARC = YES;
				CLANG_WARN_BOOL_CONVERSION = YES;
				CLANG_WARN_CONSTANT_CONVERSION = YES;
				CLANG_WARN_DIRECT_OBJC_ISA_USAGE = YES_ERROR;
				CLANG_WARN_DOCUMENTATION_COMMENTS = YES;
				CLANG_WARN_EMPTY_BODY = YES;
				CLANG_WARN_ENUM_CONVERSION = YES;
				CLANG_WARN_INFINITE_RECURSION = YES;
				CLANG_WARN_INT_CONVERSION = YES;
				CLANG_WARN_OBJC_ROOT_CLASS = YES_ERROR;
				CLANG_WARN_SUSPICIOUS_MOVE = YES;
				CLANG_WARN_UNREACHABLE_CODE = YES;
				CLANG_WARN__DUPLICATE_METHOD_MATCH = YES;
				"CODE_SIGN_IDENTITY[sdk=iphoneos*]" = "iPhone Developer";
				COPY_PHASE_STRIP = NO;
				DEBUG_INFORMATION_FORMAT = dwarf;
				ENABLE_STRICT_OBJC_MSGSEND = YES;
				ENABLE_TESTABILITY = YES;
				GCC_C_LANGUAGE_STANDARD = gnu99;
				GCC_DYNAMIC_NO_PIC = NO;
				GCC_NO_COMMON_BLOCKS = YES;
				GCC_OPTIMIZATION_LEVEL = 0;
				GCC_PREPROCESSOR_DEFINITIONS = (
					"DEBUG=1",
					"$(inherited)",
				);
				GCC_WARN_64_TO_32_BIT_CONVERSION = YES;
				GCC_WARN_ABOUT_RETURN_TYPE = YES_ERROR;
				GCC_WARN_UNDECLARED_SELECTOR = YES;
				GCC_WARN_UNINITIALIZED_AUTOS = YES_AGGRESSIVE;
				GCC_WARN_UNUSED_FUNCTION = YES;
				GCC_WARN_UNUSED_VARIABLE = YES;
				IPHONEOS_DEPLOYMENT_TARGET = 10.3;
				MTL_ENABLE_DEBUG_INFO = YES;
				ONLY_ACTIVE_ARCH = YES;
				SDKROOT = iphoneos;
				SWIFT_ACTIVE_COMPILATION_CONDITIONS = DEBUG;
				SWIFT_OPTIMIZATION_LEVEL = "-Onone";
				TARGETED_DEVICE_FAMILY = "1,2";
			};
			name = Debug;
		};
		4F4CECBE1F2740F30028C188 /* Release */ = {
			isa = XCBuildConfiguration;
			buildSettings = {
				ALWAYS_SEARCH_USER_PATHS = NO;
				CLANG_ANALYZER_NONNULL = YES;
				CLANG_ANALYZER_NUMBER_OBJECT_CONVERSION = YES_AGGRESSIVE;
				CLANG_CXX_LANGUAGE_STANDARD = "gnu++0x";
				CLANG_CXX_LIBRARY = "libc++";
				CLANG_ENABLE_MODULES = YES;
				CLANG_ENABLE_OBJC_ARC = YES;
				CLANG_WARN_BOOL_CONVERSION = YES;
				CLANG_WARN_CONSTANT_CONVERSION = YES;
				CLANG_WARN_DIRECT_OBJC_ISA_USAGE = YES_ERROR;
				CLANG_WARN_DOCUMENTATION_COMMENTS = YES;
				CLANG_WARN_EMPTY_BODY = YES;
				CLANG_WARN_ENUM_CONVERSION = YES;
				CLANG_WARN_INFINITE_RECURSION = YES;
				CLANG_WARN_INT_CONVERSION = YES;
				CLANG_WARN_OBJC_ROOT_CLASS = YES_ERROR;
				CLANG_WARN_SUSPICIOUS_MOVE = YES;
				CLANG_WARN_UNREACHABLE_CODE = YES;
				CLANG_WARN__DUPLICATE_METHOD_MATCH = YES;
				"CODE_SIGN_IDENTITY[sdk=iphoneos*]" = "iPhone Developer";
				COPY_PHASE_STRIP = NO;
				DEBUG_INFORMATION_FORMAT = "dwarf-with-dsym";
				ENABLE_NS_ASSERTIONS = NO;
				ENABLE_STRICT_OBJC_MSGSEND = YES;
				GCC_C_LANGUAGE_STANDARD = gnu99;
				GCC_NO_COMMON_BLOCKS = YES;
				GCC_WARN_64_TO_32_BIT_CONVERSION = YES;
				GCC_WARN_ABOUT_RETURN_TYPE = YES_ERROR;
				GCC_WARN_UNDECLARED_SELECTOR = YES;
				GCC_WARN_UNINITIALIZED_AUTOS = YES_AGGRESSIVE;
				GCC_WARN_UNUSED_FUNCTION = YES;
				GCC_WARN_UNUSED_VARIABLE = YES;
				IPHONEOS_DEPLOYMENT_TARGET = 10.3;
				MTL_ENABLE_DEBUG_INFO = NO;
				SDKROOT = iphoneos;
				SWIFT_OPTIMIZATION_LEVEL = "-Owholemodule";
				TARGETED_DEVICE_FAMILY = "1,2";
				VALIDATE_PRODUCT = YES;
			};
			name = Release;
		};
		4F4CECC01F2740F30028C188 /* Debug */ = {
			isa = XCBuildConfiguration;
			buildSettings = {
				ASSETCATALOG_COMPILER_APPICON_NAME = AppIcon;
				INFOPLIST_FILE = MoneyTeam/Info.plist;
				LD_RUNPATH_SEARCH_PATHS = "$(inherited) @executable_path/Frameworks";
				PRODUCT_BUNDLE_IDENTIFIER = teamza.MoneyTeam;
				PRODUCT_NAME = "$(TARGET_NAME)";
				SWIFT_VERSION = 3.0;
			};
			name = Debug;
		};
		4F4CECC11F2740F30028C188 /* Release */ = {
			isa = XCBuildConfiguration;
			buildSettings = {
				ASSETCATALOG_COMPILER_APPICON_NAME = AppIcon;
				INFOPLIST_FILE = MoneyTeam/Info.plist;
				LD_RUNPATH_SEARCH_PATHS = "$(inherited) @executable_path/Frameworks";
				PRODUCT_BUNDLE_IDENTIFIER = teamza.MoneyTeam;
				PRODUCT_NAME = "$(TARGET_NAME)";
				SWIFT_VERSION = 3.0;
			};
			name = Release;
		};
/* End XCBuildConfiguration section */

/* Begin XCConfigurationList section */
		4F4CECA81F2740F30028C188 /* Build configuration list for PBXProject "MoneyTeam" */ = {
			isa = XCConfigurationList;
			buildConfigurations = (
				4F4CECBD1F2740F30028C188 /* Debug */,
				4F4CECBE1F2740F30028C188 /* Release */,
			);
			defaultConfigurationIsVisible = 0;
			defaultConfigurationName = Release;
		};
		4F4CECBF1F2740F30028C188 /* Build configuration list for PBXNativeTarget "MoneyTeam" */ = {
			isa = XCConfigurationList;
			buildConfigurations = (
				4F4CECC01F2740F30028C188 /* Debug */,
				4F4CECC11F2740F30028C188 /* Release */,
			);
			defaultConfigurationIsVisible = 0;
		};
/* End XCConfigurationList section */
	};
	rootObject = 4F4CECA51F2740F30028C188 /* Project object */;
}
